# This file is automatically @generated by Cargo.
# It is not intended for manual editing.
[[package]]
name = "obsidian"
version = "0.1.0"
dependencies = [
 "obsidian_app",
]

[[package]]
name = "obsidian_app"
version = "0.1.0"

[[package]]
name = "viewer"
version = "0.1.0"
dependencies = [
 "obsidian",
]
